
Microsoft Visual Studio Solution File, Format Version 11.00
# Visual Studio 2010
Project("{2150E333-8FDC-42A3-9474-1A3956D46DE8}") = "src", "src", "{1A964598-CFA6-42E0-8501-2E9AD3463E43}"
EndProject
Project("{2150E333-8FDC-42A3-9474-1A3956D46DE8}") = "ut", "ut", "{15AE0CF3-93B6-4B24-B08F-45F011230160}"
EndProject
Project("{2150E333-8FDC-42A3-9474-1A3956D46DE8}") = "library", "library", "{A22467DE-A4CE-446A-98AD-8FE15FF369DA}"
EndProject
Project("{2150E333-8FDC-42A3-9474-1A3956D46DE8}") = "samples", "samples", "{7A057E39-103D-43D5-B52F-0786018A3837}"
EndProject
Project("{2150E333-8FDC-42A3-9474-1A3956D46DE8}") = "tt", "tt", "{F02D2ACF-F749-4835-89D0-81E9DF6010CD}"
EndProject
Project("{2150E333-8FDC-42A3-9474-1A3956D46DE8}") = "library", "library", "{11FAED86-B150-4F54-8BD0-5FD3E39E1E2F}"
EndProject
Project("{2150E333-8FDC-42A3-9474-1A3956D46DE8}") = "tt", "tt", "{651971CB-D138-464B-97C9-1F9F89209732}"
EndProject
Project("{FAE04EC0-301F-11D3-BF4B-00C04F79EFBC}") = "Colibra", "src\library\Colibra\Colibra.csproj", "{9D9A9E44-10B7-4129-A80A-995415E4AEC1}"
EndProject
Project("{F184B08F-C81C-45F6-A57F-5ABD9991F28F}") = "ColibraVB", "src\library\ColibraVB\ColibraVB.vbproj", "{A8FAE4A7-4759-4B50-A751-276220E58975}"
EndProject
Project("{FAE04EC0-301F-11D3-BF4B-00C04F79EFBC}") = "NetSamples", "src\samples\NetSamples\NetSamples.csproj", "{C4935C36-7D9B-4938-B80A-FF40E845CF9D}"
EndProject
Project("{FAE04EC0-301F-11D3-BF4B-00C04F79EFBC}") = "TinyRunner", "src\tt\TinyRunner\TinyRunner.csproj", "{13241EB5-590D-4527-8D16-EB23AC78C0E7}"
EndProject
Project("{FAE04EC0-301F-11D3-BF4B-00C04F79EFBC}") = "TinyTest", "src\tt\TinyTest\TinyTest.csproj", "{BC6CE277-0A11-4AE7-8DD1-9D100227DB39}"
EndProject
Project("{FAE04EC0-301F-11D3-BF4B-00C04F79EFBC}") = "ColibraShould", "ut\library\ColibraShould\ColibraShould.csproj", "{2B1A24D0-9EC7-4A54-9210-2FAA8FAC46FA}"
EndProject
Project("{F184B08F-C81C-45F6-A57F-5ABD9991F28F}") = "ColibraVBShould", "ut\library\ColibraVBShould\ColibraVBShould.vbproj", "{657FFC56-9346-47D3-9E7A-8139CB914269}"
EndProject
Project("{FAE04EC0-301F-11D3-BF4B-00C04F79EFBC}") = "TinyTestTesting", "ut\tt\TinyTestTesting\TinyTestTesting.csproj", "{600DC9AF-043E-41F2-B3B4-84C9F4F7A4FA}"
EndProject
Global
	GlobalSection(SolutionConfigurationPlatforms) = preSolution
		Debug|Any CPU = Debug|Any CPU
		Debug|Mixed Platforms = Debug|Mixed Platforms
		Debug|x64 = Debug|x64
		Debug|x86 = Debug|x86
		Release|Any CPU = Release|Any CPU
		Release|Mixed Platforms = Release|Mixed Platforms
		Release|x64 = Release|x64
		Release|x86 = Release|x86
	EndGlobalSection
	GlobalSection(ProjectConfigurationPlatforms) = postSolution
		{9D9A9E44-10B7-4129-A80A-995415E4AEC1}.Debug|Any CPU.ActiveCfg = Debug|Any CPU
		{9D9A9E44-10B7-4129-A80A-995415E4AEC1}.Debug|Mixed Platforms.ActiveCfg = Debug|Any CPU
		{9D9A9E44-10B7-4129-A80A-995415E4AEC1}.Debug|x64.ActiveCfg = Debug|x64
		{9D9A9E44-10B7-4129-A80A-995415E4AEC1}.Debug|x64.Build.0 = Debug|x64
		{9D9A9E44-10B7-4129-A80A-995415E4AEC1}.Debug|x86.ActiveCfg = Debug|x86
		{9D9A9E44-10B7-4129-A80A-995415E4AEC1}.Debug|x86.Build.0 = Debug|x86
		{9D9A9E44-10B7-4129-A80A-995415E4AEC1}.Release|Any CPU.ActiveCfg = Release|Any CPU
		{9D9A9E44-10B7-4129-A80A-995415E4AEC1}.Release|Any CPU.Build.0 = Release|Any CPU
		{9D9A9E44-10B7-4129-A80A-995415E4AEC1}.Release|Mixed Platforms.ActiveCfg = Release|Any CPU
		{9D9A9E44-10B7-4129-A80A-995415E4AEC1}.Release|Mixed Platforms.Build.0 = Release|Any CPU
		{9D9A9E44-10B7-4129-A80A-995415E4AEC1}.Release|x64.ActiveCfg = Release|Any CPU
		{9D9A9E44-10B7-4129-A80A-995415E4AEC1}.Release|x86.ActiveCfg = Release|Any CPU
		{A8FAE4A7-4759-4B50-A751-276220E58975}.Debug|Any CPU.ActiveCfg = Debug|Any CPU
		{A8FAE4A7-4759-4B50-A751-276220E58975}.Debug|Mixed Platforms.ActiveCfg = Debug|Any CPU
		{A8FAE4A7-4759-4B50-A751-276220E58975}.Debug|x64.ActiveCfg = Debug|x64
		{A8FAE4A7-4759-4B50-A751-276220E58975}.Debug|x64.Build.0 = Debug|x64
		{A8FAE4A7-4759-4B50-A751-276220E58975}.Debug|x86.ActiveCfg = Debug|x86
		{A8FAE4A7-4759-4B50-A751-276220E58975}.Debug|x86.Build.0 = Debug|x86
		{A8FAE4A7-4759-4B50-A751-276220E58975}.Release|Any CPU.ActiveCfg = Release|Any CPU
		{A8FAE4A7-4759-4B50-A751-276220E58975}.Release|Any CPU.Build.0 = Release|Any CPU
		{A8FAE4A7-4759-4B50-A751-276220E58975}.Release|Mixed Platforms.ActiveCfg = Release|Any CPU
		{A8FAE4A7-4759-4B50-A751-276220E58975}.Release|Mixed Platforms.Build.0 = Release|Any CPU
		{A8FAE4A7-4759-4B50-A751-276220E58975}.Release|x64.ActiveCfg = Release|Any CPU
		{A8FAE4A7-4759-4B50-A751-276220E58975}.Release|x86.ActiveCfg = Release|Any CPU
		{C4935C36-7D9B-4938-B80A-FF40E845CF9D}.Debug|Any CPU.ActiveCfg = Debug|x64
		{C4935C36-7D9B-4938-B80A-FF40E845CF9D}.Debug|Mixed Platforms.ActiveCfg = Debug|x64
		{C4935C36-7D9B-4938-B80A-FF40E845CF9D}.Debug|x64.ActiveCfg = Debug|x64
		{C4935C36-7D9B-4938-B80A-FF40E845CF9D}.Debug|x64.Build.0 = Debug|x64
		{C4935C36-7D9B-4938-B80A-FF40E845CF9D}.Debug|x86.ActiveCfg = Debug|x86
		{C4935C36-7D9B-4938-B80A-FF40E845CF9D}.Debug|x86.Build.0 = Debug|x86
		{C4935C36-7D9B-4938-B80A-FF40E845CF9D}.Release|Any CPU.ActiveCfg = Release|x64
		{C4935C36-7D9B-4938-B80A-FF40E845CF9D}.Release|Mixed Platforms.ActiveCfg = Release|x64
		{C4935C36-7D9B-4938-B80A-FF40E845CF9D}.Release|Mixed Platforms.Build.0 = Release|x64
		{C4935C36-7D9B-4938-B80A-FF40E845CF9D}.Release|x64.ActiveCfg = Release|x64
		{C4935C36-7D9B-4938-B80A-FF40E845CF9D}.Release|x64.Build.0 = Release|x64
		{C4935C36-7D9B-4938-B80A-FF40E845CF9D}.Release|x86.ActiveCfg = Release|x86
		{C4935C36-7D9B-4938-B80A-FF40E845CF9D}.Release|x86.Build.0 = Release|x86
		{13241EB5-590D-4527-8D16-EB23AC78C0E7}.Debug|Any CPU.ActiveCfg = Debug|Any CPU
		{13241EB5-590D-4527-8D16-EB23AC78C0E7}.Debug|Mixed Platforms.ActiveCfg = Debug|Any CPU
		{13241EB5-590D-4527-8D16-EB23AC78C0E7}.Debug|x64.ActiveCfg = Debug|x64
		{13241EB5-590D-4527-8D16-EB23AC78C0E7}.Debug|x64.Build.0 = Debug|x64
		{13241EB5-590D-4527-8D16-EB23AC78C0E7}.Debug|x86.ActiveCfg = Debug|x86
		{13241EB5-590D-4527-8D16-EB23AC78C0E7}.Debug|x86.Build.0 = Debug|x86
		{13241EB5-590D-4527-8D16-EB23AC78C0E7}.Release|Any CPU.ActiveCfg = Release|Any CPU
		{13241EB5-590D-4527-8D16-EB23AC78C0E7}.Release|Any CPU.Build.0 = Release|Any CPU
		{13241EB5-590D-4527-8D16-EB23AC78C0E7}.Release|Mixed Platforms.ActiveCfg = Release|Any CPU
		{13241EB5-590D-4527-8D16-EB23AC78C0E7}.Release|Mixed Platforms.Build.0 = Release|Any CPU
		{13241EB5-590D-4527-8D16-EB23AC78C0E7}.Release|x64.ActiveCfg = Release|Any CPU
		{13241EB5-590D-4527-8D16-EB23AC78C0E7}.Release|x86.ActiveCfg = Release|Any CPU
		{BC6CE277-0A11-4AE7-8DD1-9D100227DB39}.Debug|Any CPU.ActiveCfg = Debug|Any CPU
		{BC6CE277-0A11-4AE7-8DD1-9D100227DB39}.Debug|Mixed Platforms.ActiveCfg = Debug|Any CPU
		{BC6CE277-0A11-4AE7-8DD1-9D100227DB39}.Debug|x64.ActiveCfg = Debug|x64
		{BC6CE277-0A11-4AE7-8DD1-9D100227DB39}.Debug|x64.Build.0 = Debug|x64
		{BC6CE277-0A11-4AE7-8DD1-9D100227DB39}.Debug|x86.ActiveCfg = Debug|x86
		{BC6CE277-0A11-4AE7-8DD1-9D100227DB39}.Debug|x86.Build.0 = Debug|x86
		{BC6CE277-0A11-4AE7-8DD1-9D100227DB39}.Release|Any CPU.ActiveCfg = Release|Any CPU
		{BC6CE277-0A11-4AE7-8DD1-9D100227DB39}.Release|Any CPU.Build.0 = Release|Any CPU
		{BC6CE277-0A11-4AE7-8DD1-9D100227DB39}.Release|Mixed Platforms.ActiveCfg = Release|Any CPU
		{BC6CE277-0A11-4AE7-8DD1-9D100227DB39}.Release|Mixed Platforms.Build.0 = Release|Any CPU
		{BC6CE277-0A11-4AE7-8DD1-9D100227DB39}.Release|x64.ActiveCfg = Release|Any CPU
		{BC6CE277-0A11-4AE7-8DD1-9D100227DB39}.Release|x86.ActiveCfg = Release|Any CPU
		{2B1A24D0-9EC7-4A54-9210-2FAA8FAC46FA}.Debug|Any CPU.ActiveCfg = Debug|Any CPU
		{2B1A24D0-9EC7-4A54-9210-2FAA8FAC46FA}.Debug|Mixed Platforms.ActiveCfg = Debug|Any CPU
		{2B1A24D0-9EC7-4A54-9210-2FAA8FAC46FA}.Debug|x64.ActiveCfg = Debug|x64
		{2B1A24D0-9EC7-4A54-9210-2FAA8FAC46FA}.Debug|x64.Build.0 = Debug|x64
		{2B1A24D0-9EC7-4A54-9210-2FAA8FAC46FA}.Debug|x86.ActiveCfg = Debug|x86
		{2B1A24D0-9EC7-4A54-9210-2FAA8FAC46FA}.Debug|x86.Build.0 = Debug|x86
		{2B1A24D0-9EC7-4A54-9210-2FAA8FAC46FA}.Release|Any CPU.ActiveCfg = Release|Any CPU
		{2B1A24D0-9EC7-4A54-9210-2FAA8FAC46FA}.Release|Any CPU.Build.0 = Release|Any CPU
		{2B1A24D0-9EC7-4A54-9210-2FAA8FAC46FA}.Release|Mixed Platforms.ActiveCfg = Release|Any CPU
		{2B1A24D0-9EC7-4A54-9210-2FAA8FAC46FA}.Release|Mixed Platforms.Build.0 = Release|Any CPU
		{2B1A24D0-9EC7-4A54-9210-2FAA8FAC46FA}.Release|x64.ActiveCfg = Release|Any CPU
		{2B1A24D0-9EC7-4A54-9210-2FAA8FAC46FA}.Release|x86.ActiveCfg = Release|Any CPU
		{657FFC56-9346-47D3-9E7A-8139CB914269}.Debug|Any CPU.ActiveCfg = Debug|Any CPU
		{657FFC56-9346-47D3-9E7A-8139CB914269}.Debug|Mixed Platforms.ActiveCfg = Debug|Any CPU
		{657FFC56-9346-47D3-9E7A-8139CB914269}.Debug|x64.ActiveCfg = Debug|x64
		{657FFC56-9346-47D3-9E7A-8139CB914269}.Debug|x64.Build.0 = Debug|x64
		{657FFC56-9346-47D3-9E7A-8139CB914269}.Debug|x86.ActiveCfg = Debug|x86
		{657FFC56-9346-47D3-9E7A-8139CB914269}.Debug|x86.Build.0 = Debug|x86
		{657FFC56-9346-47D3-9E7A-8139CB914269}.Release|Any CPU.ActiveCfg = Release|Any CPU
		{657FFC56-9346-47D3-9E7A-8139CB914269}.Release|Any CPU.Build.0 = Release|Any CPU
		{657FFC56-9346-47D3-9E7A-8139CB914269}.Release|Mixed Platforms.ActiveCfg = Release|Any CPU
		{657FFC56-9346-47D3-9E7A-8139CB914269}.Release|Mixed Platforms.Build.0 = Release|Any CPU
		{657FFC56-9346-47D3-9E7A-8139CB914269}.Release|x64.ActiveCfg = Release|Any CPU
		{657FFC56-9346-47D3-9E7A-8139CB914269}.Release|x86.ActiveCfg = Release|Any CPU
		{600DC9AF-043E-41F2-B3B4-84C9F4F7A4FA}.Debug|Any CPU.ActiveCfg = Debug|Any CPU
		{600DC9AF-043E-41F2-B3B4-84C9F4F7A4FA}.Debug|Mixed Platforms.ActiveCfg = Debug|Any CPU
		{600DC9AF-043E-41F2-B3B4-84C9F4F7A4FA}.Debug|x64.ActiveCfg = Debug|x64
		{600DC9AF-043E-41F2-B3B4-84C9F4F7A4FA}.Debug|x64.Build.0 = Debug|x64
		{600DC9AF-043E-41F2-B3B4-84C9F4F7A4FA}.Debug|x86.ActiveCfg = Debug|x86
		{600DC9AF-043E-41F2-B3B4-84C9F4F7A4FA}.Debug|x86.Build.0 = Debug|x86
		{600DC9AF-043E-41F2-B3B4-84C9F4F7A4FA}.Release|Any CPU.ActiveCfg = Release|Any CPU
		{600DC9AF-043E-41F2-B3B4-84C9F4F7A4FA}.Release|Any CPU.Build.0 = Release|Any CPU
		{600DC9AF-043E-41F2-B3B4-84C9F4F7A4FA}.Release|Mixed Platforms.ActiveCfg = Release|Any CPU
		{600DC9AF-043E-41F2-B3B4-84C9F4F7A4FA}.Release|Mixed Platforms.Build.0 = Release|Any CPU
		{600DC9AF-043E-41F2-B3B4-84C9F4F7A4FA}.Release|x64.ActiveCfg = Release|Any CPU
		{600DC9AF-043E-41F2-B3B4-84C9F4F7A4FA}.Release|x86.ActiveCfg = Release|Any CPU
	EndGlobalSection
	GlobalSection(SolutionProperties) = preSolution
		HideSolutionNode = FALSE
	EndGlobalSection
	GlobalSection(NestedProjects) = preSolution
		{A22467DE-A4CE-446A-98AD-8FE15FF369DA} = {1A964598-CFA6-42E0-8501-2E9AD3463E43}
		{7A057E39-103D-43D5-B52F-0786018A3837} = {1A964598-CFA6-42E0-8501-2E9AD3463E43}
		{F02D2ACF-F749-4835-89D0-81E9DF6010CD} = {1A964598-CFA6-42E0-8501-2E9AD3463E43}
		{11FAED86-B150-4F54-8BD0-5FD3E39E1E2F} = {15AE0CF3-93B6-4B24-B08F-45F011230160}
		{651971CB-D138-464B-97C9-1F9F89209732} = {15AE0CF3-93B6-4B24-B08F-45F011230160}
		{9D9A9E44-10B7-4129-A80A-995415E4AEC1} = {A22467DE-A4CE-446A-98AD-8FE15FF369DA}
		{A8FAE4A7-4759-4B50-A751-276220E58975} = {A22467DE-A4CE-446A-98AD-8FE15FF369DA}
		{C4935C36-7D9B-4938-B80A-FF40E845CF9D} = {7A057E39-103D-43D5-B52F-0786018A3837}
		{13241EB5-590D-4527-8D16-EB23AC78C0E7} = {F02D2ACF-F749-4835-89D0-81E9DF6010CD}
		{BC6CE277-0A11-4AE7-8DD1-9D100227DB39} = {F02D2ACF-F749-4835-89D0-81E9DF6010CD}
		{2B1A24D0-9EC7-4A54-9210-2FAA8FAC46FA} = {11FAED86-B150-4F54-8BD0-5FD3E39E1E2F}
		{657FFC56-9346-47D3-9E7A-8139CB914269} = {11FAED86-B150-4F54-8BD0-5FD3E39E1E2F}
		{600DC9AF-043E-41F2-B3B4-84C9F4F7A4FA} = {651971CB-D138-464B-97C9-1F9F89209732}
	EndGlobalSection
EndGlobal
