
Microsoft Visual Studio Solution File, Format Version 10.00
# Visual Studio 2008
Project("{2150E333-8FDC-42A3-9474-1A3956D46DE8}") = "Library", "Library", "{F7B27D48-A317-4E75-8CDB-81842A4244FD}"
EndProject
Project("{FAE04EC0-301F-11D3-BF4B-00C04F79EFBC}") = "Colibra", "Colibra\Colibra.csproj", "{9D9A9E44-10B7-4129-A80A-995415E4AEC1}"
EndProject
Project("{2150E333-8FDC-42A3-9474-1A3956D46DE8}") = "Testing", "Testing", "{8D07441D-61F3-4E2F-8055-D5681B7EBA6C}"
EndProject
Project("{FAE04EC0-301F-11D3-BF4B-00C04F79EFBC}") = "ColibraShould", "ColibraShould\ColibraShould.csproj", "{2B1A24D0-9EC7-4A54-9210-2FAA8FAC46FA}"
EndProject
Project("{2150E333-8FDC-42A3-9474-1A3956D46DE8}") = "TinyTest", "TinyTest", "{8307484D-BBDB-469D-961C-0A8DD67C744D}"
EndProject
Project("{FAE04EC0-301F-11D3-BF4B-00C04F79EFBC}") = "TinyTest", "TinyTest\TinyTest.csproj", "{BC6CE277-0A11-4AE7-8DD1-9D100227DB39}"
EndProject
Project("{FAE04EC0-301F-11D3-BF4B-00C04F79EFBC}") = "TinyRunner", "TinyRunner\TinyRunner.csproj", "{13241EB5-590D-4527-8D16-EB23AC78C0E7}"
EndProject
Project("{FAE04EC0-301F-11D3-BF4B-00C04F79EFBC}") = "TinyTestTesting", "TinyTestTesting\TinyTestTesting.csproj", "{600DC9AF-043E-41F2-B3B4-84C9F4F7A4FA}"
EndProject
Project("{2150E333-8FDC-42A3-9474-1A3956D46DE8}") = "Configuration", "Configuration", "{8C3B8FE7-14E2-4C6F-9C1F-D1BFCEB921BC}"
	ProjectSection(SolutionItems) = preProject
		Configuration\ColibraTests.xml = Configuration\ColibraTests.xml
		Configuration\FrameworkTests.xml = Configuration\FrameworkTests.xml
	EndProjectSection
EndProject
Global
	GlobalSection(SourceCodeControl) = preSolution
		SccNumberOfProjects = 6
		SccLocalPath0 = .
		SccProjectUniqueName1 = Colibra\\Colibra.csproj
		SccProjectTopLevelParentUniqueName1 = Colibra.sln
		SccLocalPath1 = .
		SccProjectFilePathRelativizedFromConnection1 = Colibra\\
		SccProjectUniqueName2 = ColibraShould\\ColibraShould.csproj
		SccProjectTopLevelParentUniqueName2 = Colibra.sln
		SccLocalPath2 = .
		SccProjectFilePathRelativizedFromConnection2 = ColibraShould\\
		SccProjectUniqueName3 = TinyRunner\\TinyRunner.csproj
		SccProjectTopLevelParentUniqueName3 = Colibra.sln
		SccLocalPath3 = .
		SccProjectFilePathRelativizedFromConnection3 = TinyRunner\\
		SccProjectUniqueName4 = TinyTest\\TinyTest.csproj
		SccProjectTopLevelParentUniqueName4 = Colibra.sln
		SccLocalPath4 = .
		SccProjectFilePathRelativizedFromConnection4 = TinyTest\\
		SccProjectUniqueName5 = TinyTestTesting\\TinyTestTesting.csproj
		SccProjectTopLevelParentUniqueName5 = Colibra.sln
		SccLocalPath5 = .
		SccProjectFilePathRelativizedFromConnection5 = TinyTestTesting\\
	EndGlobalSection
	GlobalSection(SolutionConfigurationPlatforms) = preSolution
		Debug|Any CPU = Debug|Any CPU
		Release|Any CPU = Release|Any CPU
	EndGlobalSection
	GlobalSection(ProjectConfigurationPlatforms) = postSolution
		{9D9A9E44-10B7-4129-A80A-995415E4AEC1}.Debug|Any CPU.ActiveCfg = Debug|Any CPU
		{9D9A9E44-10B7-4129-A80A-995415E4AEC1}.Debug|Any CPU.Build.0 = Debug|Any CPU
		{9D9A9E44-10B7-4129-A80A-995415E4AEC1}.Release|Any CPU.ActiveCfg = Release|Any CPU
		{9D9A9E44-10B7-4129-A80A-995415E4AEC1}.Release|Any CPU.Build.0 = Release|Any CPU
		{2B1A24D0-9EC7-4A54-9210-2FAA8FAC46FA}.Debug|Any CPU.ActiveCfg = Debug|Any CPU
		{2B1A24D0-9EC7-4A54-9210-2FAA8FAC46FA}.Debug|Any CPU.Build.0 = Debug|Any CPU
		{2B1A24D0-9EC7-4A54-9210-2FAA8FAC46FA}.Release|Any CPU.ActiveCfg = Release|Any CPU
		{2B1A24D0-9EC7-4A54-9210-2FAA8FAC46FA}.Release|Any CPU.Build.0 = Release|Any CPU
		{BC6CE277-0A11-4AE7-8DD1-9D100227DB39}.Debug|Any CPU.ActiveCfg = Debug|Any CPU
		{BC6CE277-0A11-4AE7-8DD1-9D100227DB39}.Debug|Any CPU.Build.0 = Debug|Any CPU
		{BC6CE277-0A11-4AE7-8DD1-9D100227DB39}.Release|Any CPU.ActiveCfg = Release|Any CPU
		{BC6CE277-0A11-4AE7-8DD1-9D100227DB39}.Release|Any CPU.Build.0 = Release|Any CPU
		{13241EB5-590D-4527-8D16-EB23AC78C0E7}.Debug|Any CPU.ActiveCfg = Debug|Any CPU
		{13241EB5-590D-4527-8D16-EB23AC78C0E7}.Debug|Any CPU.Build.0 = Debug|Any CPU
		{13241EB5-590D-4527-8D16-EB23AC78C0E7}.Release|Any CPU.ActiveCfg = Release|Any CPU
		{13241EB5-590D-4527-8D16-EB23AC78C0E7}.Release|Any CPU.Build.0 = Release|Any CPU
		{600DC9AF-043E-41F2-B3B4-84C9F4F7A4FA}.Debug|Any CPU.ActiveCfg = Debug|Any CPU
		{600DC9AF-043E-41F2-B3B4-84C9F4F7A4FA}.Debug|Any CPU.Build.0 = Debug|Any CPU
		{600DC9AF-043E-41F2-B3B4-84C9F4F7A4FA}.Release|Any CPU.ActiveCfg = Release|Any CPU
		{600DC9AF-043E-41F2-B3B4-84C9F4F7A4FA}.Release|Any CPU.Build.0 = Release|Any CPU
	EndGlobalSection
	GlobalSection(SolutionProperties) = preSolution
		HideSolutionNode = FALSE
	EndGlobalSection
	GlobalSection(NestedProjects) = preSolution
		{9D9A9E44-10B7-4129-A80A-995415E4AEC1} = {F7B27D48-A317-4E75-8CDB-81842A4244FD}
		{2B1A24D0-9EC7-4A54-9210-2FAA8FAC46FA} = {8D07441D-61F3-4E2F-8055-D5681B7EBA6C}
		{BC6CE277-0A11-4AE7-8DD1-9D100227DB39} = {8307484D-BBDB-469D-961C-0A8DD67C744D}
		{13241EB5-590D-4527-8D16-EB23AC78C0E7} = {8307484D-BBDB-469D-961C-0A8DD67C744D}
		{600DC9AF-043E-41F2-B3B4-84C9F4F7A4FA} = {8307484D-BBDB-469D-961C-0A8DD67C744D}
	EndGlobalSection
EndGlobal
